
Microsoft Visual Studio Solution File, Format Version 12.00
# Visual Studio Version 16
VisualStudioVersion = 16.0.30717.126
MinimumVisualStudioVersion = 10.0.40219.1
Project("{FAE04EC0-301F-11D3-BF4B-00C04F79EFBC}") = "01_CafeRepository", "01_CafeRepository\01_CafeRepository.csproj", "{21A839B8-3973-4133-B874-50459F2D955C}"
EndProject
Project("{FAE04EC0-301F-11D3-BF4B-00C04F79EFBC}") = "01_CafeTests", "01_CafeTests\01_CafeTests.csproj", "{EDDDA180-275C-4542-9DE9-B20885036D2C}"
EndProject
Project("{FAE04EC0-301F-11D3-BF4B-00C04F79EFBC}") = "02_ClaimsRepository", "02_ClaimsRepository\02_ClaimsRepository.csproj", "{E1A9B04F-8CC7-4041-8FD3-E19A9306AA5C}"
EndProject
Project("{FAE04EC0-301F-11D3-BF4B-00C04F79EFBC}") = "02_ClaimsConsoleUI", "02_ClaimsConsole\02_ClaimsConsoleUI.csproj", "{B869B253-7288-4ECA-806E-C28043DF6A5A}"
EndProject
Project("{FAE04EC0-301F-11D3-BF4B-00C04F79EFBC}") = "02_ClaimsTests", "02_ClaimsTests\02_ClaimsTests.csproj", "{901BCDE4-F62C-43B9-894E-5C40BEB6B7DD}"
EndProject
Project("{FAE04EC0-301F-11D3-BF4B-00C04F79EFBC}") = "03_BadgesRepository", "03_BadgesRepository\03_BadgesRepository.csproj", "{74ED6EF9-C34A-4337-898A-1D642364E4FC}"
EndProject
Project("{FAE04EC0-301F-11D3-BF4B-00C04F79EFBC}") = "03_BadgesConsoleUI", "03_BadgesConsole\03_BadgesConsoleUI.csproj", "{1370B39A-5D5C-42B8-8455-3EE215E7A203}"
EndProject
Project("{FAE04EC0-301F-11D3-BF4B-00C04F79EFBC}") = "03_BadgesTests", "03_BadgesTests\03_BadgesTests.csproj", "{2FB7B596-1E9B-456D-8335-CA307341DD38}"
EndProject
Project("{FAE04EC0-301F-11D3-BF4B-00C04F79EFBC}") = "CafeProgram_UI_01", "CafeProgram_UI_01\CafeProgram_UI_01.csproj", "{4A5DE054-82D4-4F3F-9EAB-FB143DBD4E44}"
EndProject
Project("{2150E333-8FDC-42A3-9474-1A3956D46DE8}") = "1.CAFE", "1.CAFE", "{09232090-DD6A-4567-A0A7-B7406F50D1BE}"
EndProject
Global
	GlobalSection(SolutionConfigurationPlatforms) = preSolution
		Debug|Any CPU = Debug|Any CPU
		Release|Any CPU = Release|Any CPU
	EndGlobalSection
	GlobalSection(ProjectConfigurationPlatforms) = postSolution
		{21A839B8-3973-4133-B874-50459F2D955C}.Debug|Any CPU.ActiveCfg = Debug|Any CPU
		{21A839B8-3973-4133-B874-50459F2D955C}.Debug|Any CPU.Build.0 = Debug|Any CPU
		{21A839B8-3973-4133-B874-50459F2D955C}.Release|Any CPU.ActiveCfg = Release|Any CPU
		{21A839B8-3973-4133-B874-50459F2D955C}.Release|Any CPU.Build.0 = Release|Any CPU
		{EDDDA180-275C-4542-9DE9-B20885036D2C}.Debug|Any CPU.ActiveCfg = Debug|Any CPU
		{EDDDA180-275C-4542-9DE9-B20885036D2C}.Debug|Any CPU.Build.0 = Debug|Any CPU
		{EDDDA180-275C-4542-9DE9-B20885036D2C}.Release|Any CPU.ActiveCfg = Release|Any CPU
		{EDDDA180-275C-4542-9DE9-B20885036D2C}.Release|Any CPU.Build.0 = Release|Any CPU
		{E1A9B04F-8CC7-4041-8FD3-E19A9306AA5C}.Debug|Any CPU.ActiveCfg = Debug|Any CPU
		{E1A9B04F-8CC7-4041-8FD3-E19A9306AA5C}.Debug|Any CPU.Build.0 = Debug|Any CPU
		{E1A9B04F-8CC7-4041-8FD3-E19A9306AA5C}.Release|Any CPU.ActiveCfg = Release|Any CPU
		{E1A9B04F-8CC7-4041-8FD3-E19A9306AA5C}.Release|Any CPU.Build.0 = Release|Any CPU
		{B869B253-7288-4ECA-806E-C28043DF6A5A}.Debug|Any CPU.ActiveCfg = Debug|Any CPU
		{B869B253-7288-4ECA-806E-C28043DF6A5A}.Debug|Any CPU.Build.0 = Debug|Any CPU
		{B869B253-7288-4ECA-806E-C28043DF6A5A}.Release|Any CPU.ActiveCfg = Release|Any CPU
		{B869B253-7288-4ECA-806E-C28043DF6A5A}.Release|Any CPU.Build.0 = Release|Any CPU
		{901BCDE4-F62C-43B9-894E-5C40BEB6B7DD}.Debug|Any CPU.ActiveCfg = Debug|Any CPU
		{901BCDE4-F62C-43B9-894E-5C40BEB6B7DD}.Debug|Any CPU.Build.0 = Debug|Any CPU
		{901BCDE4-F62C-43B9-894E-5C40BEB6B7DD}.Release|Any CPU.ActiveCfg = Release|Any CPU
		{901BCDE4-F62C-43B9-894E-5C40BEB6B7DD}.Release|Any CPU.Build.0 = Release|Any CPU
		{74ED6EF9-C34A-4337-898A-1D642364E4FC}.Debug|Any CPU.ActiveCfg = Debug|Any CPU
		{74ED6EF9-C34A-4337-898A-1D642364E4FC}.Debug|Any CPU.Build.0 = Debug|Any CPU
		{74ED6EF9-C34A-4337-898A-1D642364E4FC}.Release|Any CPU.ActiveCfg = Release|Any CPU
		{74ED6EF9-C34A-4337-898A-1D642364E4FC}.Release|Any CPU.Build.0 = Release|Any CPU
		{1370B39A-5D5C-42B8-8455-3EE215E7A203}.Debug|Any CPU.ActiveCfg = Debug|Any CPU
		{1370B39A-5D5C-42B8-8455-3EE215E7A203}.Debug|Any CPU.Build.0 = Debug|Any CPU
		{1370B39A-5D5C-42B8-8455-3EE215E7A203}.Release|Any CPU.ActiveCfg = Release|Any CPU
		{1370B39A-5D5C-42B8-8455-3EE215E7A203}.Release|Any CPU.Build.0 = Release|Any CPU
		{2FB7B596-1E9B-456D-8335-CA307341DD38}.Debug|Any CPU.ActiveCfg = Debug|Any CPU
		{2FB7B596-1E9B-456D-8335-CA307341DD38}.Debug|Any CPU.Build.0 = Debug|Any CPU
		{2FB7B596-1E9B-456D-8335-CA307341DD38}.Release|Any CPU.ActiveCfg = Release|Any CPU
		{2FB7B596-1E9B-456D-8335-CA307341DD38}.Release|Any CPU.Build.0 = Release|Any CPU
		{4A5DE054-82D4-4F3F-9EAB-FB143DBD4E44}.Debug|Any CPU.ActiveCfg = Debug|Any CPU
		{4A5DE054-82D4-4F3F-9EAB-FB143DBD4E44}.Debug|Any CPU.Build.0 = Debug|Any CPU
		{4A5DE054-82D4-4F3F-9EAB-FB143DBD4E44}.Release|Any CPU.ActiveCfg = Release|Any CPU
		{4A5DE054-82D4-4F3F-9EAB-FB143DBD4E44}.Release|Any CPU.Build.0 = Release|Any CPU
	EndGlobalSection
	GlobalSection(SolutionProperties) = preSolution
		HideSolutionNode = FALSE
	EndGlobalSection
	GlobalSection(NestedProjects) = preSolution
		{21A839B8-3973-4133-B874-50459F2D955C} = {09232090-DD6A-4567-A0A7-B7406F50D1BE}
		{EDDDA180-275C-4542-9DE9-B20885036D2C} = {09232090-DD6A-4567-A0A7-B7406F50D1BE}
		{4A5DE054-82D4-4F3F-9EAB-FB143DBD4E44} = {09232090-DD6A-4567-A0A7-B7406F50D1BE}
	EndGlobalSection
	GlobalSection(ExtensibilityGlobals) = postSolution
		SolutionGuid = {BBEEFD88-7CA6-4582-8F38-E9180CAC9A80}
	EndGlobalSection
EndGlobal
